
Microsoft Visual Studio Solution File, Format Version 12.00
# Visual Studio Version 16
VisualStudioVersion = 16.0.29409.12
MinimumVisualStudioVersion = 10.0.40219.1
Project("{FAE04EC0-301F-11D3-BF4B-00C04F79EFBC}") = "Library.API", "Library.API\Library.API.csproj", "{C6D8C1FE-9BB1-4093-B47F-EF5F9D4C38A2}"
EndProject
Global
	GlobalSection(SolutionConfigurationPlatforms) = preSolution
		Debug|Any CPU = Debug|Any CPU
		Release|Any CPU = Release|Any CPU
	EndGlobalSection
	GlobalSection(ProjectConfigurationPlatforms) = postSolution
		{C6D8C1FE-9BB1-4093-B47F-EF5F9D4C38A2}.Debug|Any CPU.ActiveCfg = Debug|Any CPU
		{C6D8C1FE-9BB1-4093-B47F-EF5F9D4C38A2}.Debug|Any CPU.Build.0 = Debug|Any CPU
		{C6D8C1FE-9BB1-4093-B47F-EF5F9D4C38A2}.Release|Any CPU.ActiveCfg = Release|Any CPU
		{C6D8C1FE-9BB1-4093-B47F-EF5F9D4C38A2}.Release|Any CPU.Build.0 = Release|Any CPU
	EndGlobalSection
	GlobalSection(SolutionProperties) = preSolution
		HideSolutionNode = FALSE
	EndGlobalSection
	GlobalSection(ExtensibilityGlobals) = postSolution
		SolutionGuid = {063F2C81-F02E-4E56-91E3-6E62861E2E43}
	EndGlobalSection
EndGlobal
